// !$*UTF8*$!
{
	archiveVersion = 1;
	classes = {
	};
	objectVersion = 46;
	objects = {

/* Begin PBXBuildFile section */
		A653B9AC1CE56E8200C15465 /* Helper.swift in Sources */ = {isa = PBXBuildFile; fileRef = A653B9AB1CE56E8200C15465 /* Helper.swift */; };
		A66F15DE1CE45EDA00B4E38C /* AppDelegate.swift in Sources */ = {isa = PBXBuildFile; fileRef = A66F15DD1CE45EDA00B4E38C /* AppDelegate.swift */; };
		A66F15E01CE45EDB00B4E38C /* GameScene.sks in Resources */ = {isa = PBXBuildFile; fileRef = A66F15DF1CE45EDB00B4E38C /* GameScene.sks */; };
		A66F15E21CE45EDB00B4E38C /* GameScene.swift in Sources */ = {isa = PBXBuildFile; fileRef = A66F15E11CE45EDB00B4E38C /* GameScene.swift */; };
		A66F15E41CE45EDB00B4E38C /* GameViewController.swift in Sources */ = {isa = PBXBuildFile; fileRef = A66F15E31CE45EDB00B4E38C /* GameViewController.swift */; };
		A66F15E71CE45EDB00B4E38C /* Main.storyboard in Resources */ = {isa = PBXBuildFile; fileRef = A66F15E51CE45EDB00B4E38C /* Main.storyboard */; };
		A66F15E91CE45EDB00B4E38C /* Assets.xcassets in Resources */ = {isa = PBXBuildFile; fileRef = A66F15E81CE45EDB00B4E38C /* Assets.xcassets */; };
		A66F15EC1CE45EDB00B4E38C /* LaunchScreen.storyboard in Resources */ = {isa = PBXBuildFile; fileRef = A66F15EA1CE45EDB00B4E38C /* LaunchScreen.storyboard */; };
		A66F16101CE4629700B4E38C /* background.jpg in Resources */ = {isa = PBXBuildFile; fileRef = A66F15F41CE4629700B4E38C /* background.jpg */; };
		A66F16111CE4629700B4E38C /* background@2x.jpg in Resources */ = {isa = PBXBuildFile; fileRef = A66F15F51CE4629700B4E38C /* background@2x.jpg */; };
		A66F16121CE4629700B4E38C /* ballBlue.png in Resources */ = {isa = PBXBuildFile; fileRef = A66F15F61CE4629700B4E38C /* ballBlue.png */; };
		A66F16131CE4629700B4E38C /* ballBlue@2x.png in Resources */ = {isa = PBXBuildFile; fileRef = A66F15F71CE4629700B4E38C /* ballBlue@2x.png */; };
		A66F16141CE4629700B4E38C /* ballCyan.png in Resources */ = {isa = PBXBuildFile; fileRef = A66F15F81CE4629700B4E38C /* ballCyan.png */; };
		A66F16151CE4629700B4E38C /* ballCyan@2x.png in Resources */ = {isa = PBXBuildFile; fileRef = A66F15F91CE4629700B4E38C /* ballCyan@2x.png */; };
		A66F16161CE4629700B4E38C /* ballGreen.png in Resources */ = {isa = PBXBuildFile; fileRef = A66F15FA1CE4629700B4E38C /* ballGreen.png */; };
		A66F16171CE4629700B4E38C /* ballGreen@2x.png in Resources */ = {isa = PBXBuildFile; fileRef = A66F15FB1CE4629700B4E38C /* ballGreen@2x.png */; };
		A66F16181CE4629700B4E38C /* ballGrey.png in Resources */ = {isa = PBXBuildFile; fileRef = A66F15FC1CE4629700B4E38C /* ballGrey.png */; };
		A66F16191CE4629700B4E38C /* ballGrey@2x.png in Resources */ = {isa = PBXBuildFile; fileRef = A66F15FD1CE4629700B4E38C /* ballGrey@2x.png */; };
		A66F161A1CE4629700B4E38C /* ballPurple.png in Resources */ = {isa = PBXBuildFile; fileRef = A66F15FE1CE4629700B4E38C /* ballPurple.png */; };
		A66F161B1CE4629700B4E38C /* ballPurple@2x.png in Resources */ = {isa = PBXBuildFile; fileRef = A66F15FF1CE4629700B4E38C /* ballPurple@2x.png */; };
		A66F161C1CE4629700B4E38C /* ballRed.png in Resources */ = {isa = PBXBuildFile; fileRef = A66F16001CE4629700B4E38C /* ballRed.png */; };
		A66F161D1CE4629700B4E38C /* ballRed@2x.png in Resources */ = {isa = PBXBuildFile; fileRef = A66F16011CE4629700B4E38C /* ballRed@2x.png */; };
		A66F161E1CE4629700B4E38C /* ballYellow.png in Resources */ = {isa = PBXBuildFile; fileRef = A66F16021CE4629700B4E38C /* ballYellow.png */; };
		A66F161F1CE4629700B4E38C /* ballYellow@2x.png in Resources */ = {isa = PBXBuildFile; fileRef = A66F16031CE4629700B4E38C /* ballYellow@2x.png */; };
		A66F16201CE4629700B4E38C /* bouncer.png in Resources */ = {isa = PBXBuildFile; fileRef = A66F16041CE4629700B4E38C /* bouncer.png */; };
		A66F16211CE4629700B4E38C /* bouncer@2x.png in Resources */ = {isa = PBXBuildFile; fileRef = A66F16051CE4629700B4E38C /* bouncer@2x.png */; };
		A66F16221CE4629700B4E38C /* FireParticles.sks in Resources */ = {isa = PBXBuildFile; fileRef = A66F16061CE4629700B4E38C /* FireParticles.sks */; };
		A66F16231CE4629700B4E38C /* slotBaseBad.png in Resources */ = {isa = PBXBuildFile; fileRef = A66F16071CE4629700B4E38C /* slotBaseBad.png */; };
		A66F16241CE4629700B4E38C /* slotBaseBad@2x.png in Resources */ = {isa = PBXBuildFile; fileRef = A66F16081CE4629700B4E38C /* slotBaseBad@2x.png */; };
		A66F16251CE4629700B4E38C /* slotBaseGood.png in Resources */ = {isa = PBXBuildFile; fileRef = A66F16091CE4629700B4E38C /* slotBaseGood.png */; };
		A66F16261CE4629700B4E38C /* slotBaseGood@2x.png in Resources */ = {isa = PBXBuildFile; fileRef = A66F160A1CE4629700B4E38C /* slotBaseGood@2x.png */; };
		A66F16271CE4629700B4E38C /* slotGlowBad.png in Resources */ = {isa = PBXBuildFile; fileRef = A66F160B1CE4629700B4E38C /* slotGlowBad.png */; };
		A66F16281CE4629700B4E38C /* slotGlowBad@2x.png in Resources */ = {isa = PBXBuildFile; fileRef = A66F160C1CE4629700B4E38C /* slotGlowBad@2x.png */; };
		A66F16291CE4629700B4E38C /* slotGlowGood.png in Resources */ = {isa = PBXBuildFile; fileRef = A66F160D1CE4629700B4E38C /* slotGlowGood.png */; };
		A66F162A1CE4629700B4E38C /* slotGlowGood@2x.png in Resources */ = {isa = PBXBuildFile; fileRef = A66F160E1CE4629700B4E38C /* slotGlowGood@2x.png */; };
		A66F162B1CE4629700B4E38C /* spark.png in Resources */ = {isa = PBXBuildFile; fileRef = A66F160F1CE4629700B4E38C /* spark.png */; };
/* End PBXBuildFile section */

/* Begin PBXFileReference section */
		A653B9AB1CE56E8200C15465 /* Helper.swift */ = {isa = PBXFileReference; fileEncoding = 4; lastKnownFileType = sourcecode.swift; path = Helper.swift; sourceTree = "<group>"; };
		A66F15DA1CE45ED900B4E38C /* 11-Pachinko with SpriteKit.app */ = {isa = PBXFileReference; explicitFileType = wrapper.application; includeInIndex = 0; path = "11-Pachinko with SpriteKit.app"; sourceTree = BUILT_PRODUCTS_DIR; };
		A66F15DD1CE45EDA00B4E38C /* AppDelegate.swift */ = {isa = PBXFileReference; lastKnownFileType = sourcecode.swift; path = AppDelegate.swift; sourceTree = "<group>"; };
		A66F15DF1CE45EDB00B4E38C /* GameScene.sks */ = {isa = PBXFileReference; lastKnownFileType = file.sks; path = GameScene.sks; sourceTree = "<group>"; };
		A66F15E11CE45EDB00B4E38C /* GameScene.swift */ = {isa = PBXFileReference; lastKnownFileType = sourcecode.swift; path = GameScene.swift; sourceTree = "<group>"; };
		A66F15E31CE45EDB00B4E38C /* GameViewController.swift */ = {isa = PBXFileReference; lastKnownFileType = sourcecode.swift; path = GameViewController.swift; sourceTree = "<group>"; };
		A66F15E61CE45EDB00B4E38C /* Base */ = {isa = PBXFileReference; lastKnownFileType = file.storyboard; name = Base; path = Base.lproj/Main.storyboard; sourceTree = "<group>"; };
		A66F15E81CE45EDB00B4E38C /* Assets.xcassets */ = {isa = PBXFileReference; lastKnownFileType = folder.assetcatalog; path = Assets.xcassets; sourceTree = "<group>"; };
		A66F15EB1CE45EDB00B4E38C /* Base */ = {isa = PBXFileReference; lastKnownFileType = file.storyboard; name = Base; path = Base.lproj/LaunchScreen.storyboard; sourceTree = "<group>"; };
		A66F15ED1CE45EDB00B4E38C /* Info.plist */ = {isa = PBXFileReference; lastKnownFileType = text.plist.xml; path = Info.plist; sourceTree = "<group>"; };
		A66F15F41CE4629700B4E38C /* background.jpg */ = {isa = PBXFileReference; lastKnownFileType = image.jpeg; path = background.jpg; sourceTree = "<group>"; };
		A66F15F51CE4629700B4E38C /* background@2x.jpg */ = {isa = PBXFileReference; lastKnownFileType = image.jpeg; path = "background@2x.jpg"; sourceTree = "<group>"; };
		A66F15F61CE4629700B4E38C /* ballBlue.png */ = {isa = PBXFileReference; lastKnownFileType = image.png; path = ballBlue.png; sourceTree = "<group>"; };
		A66F15F71CE4629700B4E38C /* ballBlue@2x.png */ = {isa = PBXFileReference; lastKnownFileType = image.png; path = "ballBlue@2x.png"; sourceTree = "<group>"; };
		A66F15F81CE4629700B4E38C /* ballCyan.png */ = {isa = PBXFileReference; lastKnownFileType = image.png; path = ballCyan.png; sourceTree = "<group>"; };
		A66F15F91CE4629700B4E38C /* ballCyan@2x.png */ = {isa = PBXFileReference; lastKnownFileType = image.png; path = "ballCyan@2x.png"; sourceTree = "<group>"; };
		A66F15FA1CE4629700B4E38C /* ballGreen.png */ = {isa = PBXFileReference; lastKnownFileType = image.png; path = ballGreen.png; sourceTree = "<group>"; };
		A66F15FB1CE4629700B4E38C /* ballGreen@2x.png */ = {isa = PBXFileReference; lastKnownFileType = image.png; path = "ballGreen@2x.png"; sourceTree = "<group>"; };
		A66F15FC1CE4629700B4E38C /* ballGrey.png */ = {isa = PBXFileReference; lastKnownFileType = image.png; path = ballGrey.png; sourceTree = "<group>"; };
		A66F15FD1CE4629700B4E38C /* ballGrey@2x.png */ = {isa = PBXFileReference; lastKnownFileType = image.png; path = "ballGrey@2x.png"; sourceTree = "<group>"; };
		A66F15FE1CE4629700B4E38C /* ballPurple.png */ = {isa = PBXFileReference; lastKnownFileType = image.png; path = ballPurple.png; sourceTree = "<group>"; };
		A66F15FF1CE4629700B4E38C /* ballPurple@2x.png */ = {isa = PBXFileReference; lastKnownFileType = image.png; path = "ballPurple@2x.png"; sourceTree = "<group>"; };
		A66F16001CE4629700B4E38C /* ballRed.png */ = {isa = PBXFileReference; lastKnownFileType = image.png; path = ballRed.png; sourceTree = "<group>"; };
		A66F16011CE4629700B4E38C /* ballRed@2x.png */ = {isa = PBXFileReference; lastKnownFileType = image.png; path = "ballRed@2x.png"; sourceTree = "<group>"; };
		A66F16021CE4629700B4E38C /* ballYellow.png */ = {isa = PBXFileReference; lastKnownFileType = image.png; path = ballYellow.png; sourceTree = "<group>"; };
		A66F16031CE4629700B4E38C /* ballYellow@2x.png */ = {isa = PBXFileReference; lastKnownFileType = image.png; path = "ballYellow@2x.png"; sourceTree = "<group>"; };
		A66F16041CE4629700B4E38C /* bouncer.png */ = {isa = PBXFileReference; lastKnownFileType = image.png; path = bouncer.png; sourceTree = "<group>"; };
		A66F16051CE4629700B4E38C /* bouncer@2x.png */ = {isa = PBXFileReference; lastKnownFileType = image.png; path = "bouncer@2x.png"; sourceTree = "<group>"; };
		A66F16061CE4629700B4E38C /* FireParticles.sks */ = {isa = PBXFileReference; lastKnownFileType = file.sks; name = FireParticles.sks; path = Content/FireParticles.sks; sourceTree = "<group>"; };
		A66F16071CE4629700B4E38C /* slotBaseBad.png */ = {isa = PBXFileReference; lastKnownFileType = image.png; path = slotBaseBad.png; sourceTree = "<group>"; };
		A66F16081CE4629700B4E38C /* slotBaseBad@2x.png */ = {isa = PBXFileReference; lastKnownFileType = image.png; path = "slotBaseBad@2x.png"; sourceTree = "<group>"; };
		A66F16091CE4629700B4E38C /* slotBaseGood.png */ = {isa = PBXFileReference; lastKnownFileType = image.png; path = slotBaseGood.png; sourceTree = "<group>"; };
		A66F160A1CE4629700B4E38C /* slotBaseGood@2x.png */ = {isa = PBXFileReference; lastKnownFileType = image.png; path = "slotBaseGood@2x.png"; sourceTree = "<group>"; };
		A66F160B1CE4629700B4E38C /* slotGlowBad.png */ = {isa = PBXFileReference; lastKnownFileType = image.png; path = slotGlowBad.png; sourceTree = "<group>"; };
		A66F160C1CE4629700B4E38C /* slotGlowBad@2x.png */ = {isa = PBXFileReference; lastKnownFileType = image.png; path = "slotGlowBad@2x.png"; sourceTree = "<group>"; };
		A66F160D1CE4629700B4E38C /* slotGlowGood.png */ = {isa = PBXFileReference; lastKnownFileType = image.png; path = slotGlowGood.png; sourceTree = "<group>"; };
		A66F160E1CE4629700B4E38C /* slotGlowGood@2x.png */ = {isa = PBXFileReference; lastKnownFileType = image.png; path = "slotGlowGood@2x.png"; sourceTree = "<group>"; };
		A66F160F1CE4629700B4E38C /* spark.png */ = {isa = PBXFileReference; lastKnownFileType = image.png; path = spark.png; sourceTree = "<group>"; };
/* End PBXFileReference section */

/* Begin PBXFrameworksBuildPhase section */
		A66F15D71CE45ED900B4E38C /* Frameworks */ = {
			isa = PBXFrameworksBuildPhase;
			buildActionMask = 2147483647;
			files = (
			);
			runOnlyForDeploymentPostprocessing = 0;
		};
/* End PBXFrameworksBuildPhase section */

/* Begin PBXGroup section */
		A66F15D11CE45ED900B4E38C = {
			isa = PBXGroup;
			children = (
				A66F15DC1CE45EDA00B4E38C /* 11-Pachinko with SpriteKit */,
				A66F15DB1CE45ED900B4E38C /* Products */,
			);
			sourceTree = "<group>";
		};
		A66F15DB1CE45ED900B4E38C /* Products */ = {
			isa = PBXGroup;
			children = (
				A66F15DA1CE45ED900B4E38C /* 11-Pachinko with SpriteKit.app */,
			);
			name = Products;
			sourceTree = "<group>";
		};
		A66F15DC1CE45EDA00B4E38C /* 11-Pachinko with SpriteKit */ = {
			isa = PBXGroup;
			children = (
				A66F15F31CE4629700B4E38C /* Content */,
				A66F15DD1CE45EDA00B4E38C /* AppDelegate.swift */,
				A66F15DF1CE45EDB00B4E38C /* GameScene.sks */,
				A66F16061CE4629700B4E38C /* FireParticles.sks */,
				A66F15E11CE45EDB00B4E38C /* GameScene.swift */,
				A66F15E31CE45EDB00B4E38C /* GameViewController.swift */,
				A653B9AB1CE56E8200C15465 /* Helper.swift */,
				A66F15E51CE45EDB00B4E38C /* Main.storyboard */,
				A66F15E81CE45EDB00B4E38C /* Assets.xcassets */,
				A66F15EA1CE45EDB00B4E38C /* LaunchScreen.storyboard */,
				A66F15ED1CE45EDB00B4E38C /* Info.plist */,
			);
			path = "11-Pachinko with SpriteKit";
			sourceTree = "<group>";
		};
		A66F15F31CE4629700B4E38C /* Content */ = {
			isa = PBXGroup;
			children = (
				A66F15F41CE4629700B4E38C /* background.jpg */,
				A66F15F51CE4629700B4E38C /* background@2x.jpg */,
				A66F15F61CE4629700B4E38C /* ballBlue.png */,
				A66F15F71CE4629700B4E38C /* ballBlue@2x.png */,
				A66F15F81CE4629700B4E38C /* ballCyan.png */,
				A66F15F91CE4629700B4E38C /* ballCyan@2x.png */,
				A66F15FA1CE4629700B4E38C /* ballGreen.png */,
				A66F15FB1CE4629700B4E38C /* ballGreen@2x.png */,
				A66F15FC1CE4629700B4E38C /* ballGrey.png */,
				A66F15FD1CE4629700B4E38C /* ballGrey@2x.png */,
				A66F15FE1CE4629700B4E38C /* ballPurple.png */,
				A66F15FF1CE4629700B4E38C /* ballPurple@2x.png */,
				A66F16001CE4629700B4E38C /* ballRed.png */,
				A66F16011CE4629700B4E38C /* ballRed@2x.png */,
				A66F16021CE4629700B4E38C /* ballYellow.png */,
				A66F16031CE4629700B4E38C /* ballYellow@2x.png */,
				A66F16041CE4629700B4E38C /* bouncer.png */,
				A66F16051CE4629700B4E38C /* bouncer@2x.png */,
				A66F16071CE4629700B4E38C /* slotBaseBad.png */,
				A66F16081CE4629700B4E38C /* slotBaseBad@2x.png */,
				A66F16091CE4629700B4E38C /* slotBaseGood.png */,
				A66F160A1CE4629700B4E38C /* slotBaseGood@2x.png */,
				A66F160B1CE4629700B4E38C /* slotGlowBad.png */,
				A66F160C1CE4629700B4E38C /* slotGlowBad@2x.png */,
				A66F160D1CE4629700B4E38C /* slotGlowGood.png */,
				A66F160E1CE4629700B4E38C /* slotGlowGood@2x.png */,
				A66F160F1CE4629700B4E38C /* spark.png */,
			);
			path = Content;
			sourceTree = "<group>";
		};
/* End PBXGroup section */

/* Begin PBXNativeTarget section */
		A66F15D91CE45ED900B4E38C /* 11-Pachinko with SpriteKit */ = {
			isa = PBXNativeTarget;
			buildConfigurationList = A66F15F01CE45EDB00B4E38C /* Build configuration list for PBXNativeTarget "11-Pachinko with SpriteKit" */;
			buildPhases = (
				A66F15D61CE45ED900B4E38C /* Sources */,
				A66F15D71CE45ED900B4E38C /* Frameworks */,
				A66F15D81CE45ED900B4E38C /* Resources */,
			);
			buildRules = (
			);
			dependencies = (
			);
			name = "11-Pachinko with SpriteKit";
			productName = "11-Pachinko with SpriteKit";
			productReference = A66F15DA1CE45ED900B4E38C /* 11-Pachinko with SpriteKit.app */;
			productType = "com.apple.product-type.application";
		};
/* End PBXNativeTarget section */

/* Begin PBXProject section */
		A66F15D21CE45ED900B4E38C /* Project object */ = {
			isa = PBXProject;
			attributes = {
				LastSwiftUpdateCheck = 0730;
				LastUpgradeCheck = 0730;
				ORGANIZATIONNAME = shiyuwudi;
				TargetAttributes = {
					A66F15D91CE45ED900B4E38C = {
						CreatedOnToolsVersion = 7.3.1;
					};
				};
			};
			buildConfigurationList = A66F15D51CE45ED900B4E38C /* Build configuration list for PBXProject "11-Pachinko with SpriteKit" */;
			compatibilityVersion = "Xcode 3.2";
			developmentRegion = English;
			hasScannedForEncodings = 0;
			knownRegions = (
				en,
				Base,
			);
			mainGroup = A66F15D11CE45ED900B4E38C;
			productRefGroup = A66F15DB1CE45ED900B4E38C /* Products */;
			projectDirPath = "";
			projectRoot = "";
			targets = (
				A66F15D91CE45ED900B4E38C /* 11-Pachinko with SpriteKit */,
			);
		};
/* End PBXProject section */

/* Begin PBXResourcesBuildPhase section */
		A66F15D81CE45ED900B4E38C /* Resources */ = {
			isa = PBXResourcesBuildPhase;
			buildActionMask = 2147483647;
			files = (
				A66F16191CE4629700B4E38C /* ballGrey@2x.png in Resources */,
				A66F161B1CE4629700B4E38C /* ballPurple@2x.png in Resources */,
				A66F16281CE4629700B4E38C /* slotGlowBad@2x.png in Resources */,
				A66F16141CE4629700B4E38C /* ballCyan.png in Resources */,
				A66F16251CE4629700B4E38C /* slotBaseGood.png in Resources */,
				A66F15E01CE45EDB00B4E38C /* GameScene.sks in Resources */,
				A66F16121CE4629700B4E38C /* ballBlue.png in Resources */,
				A66F16291CE4629700B4E38C /* slotGlowGood.png in Resources */,
				A66F16241CE4629700B4E38C /* slotBaseBad@2x.png in Resources */,
				A66F161F1CE4629700B4E38C /* ballYellow@2x.png in Resources */,
				A66F16231CE4629700B4E38C /* slotBaseBad.png in Resources */,
				A66F16101CE4629700B4E38C /* background.jpg in Resources */,
				A66F16261CE4629700B4E38C /* slotBaseGood@2x.png in Resources */,
				A66F16211CE4629700B4E38C /* bouncer@2x.png in Resources */,
				A66F161C1CE4629700B4E38C /* ballRed.png in Resources */,
				A66F16221CE4629700B4E38C /* FireParticles.sks in Resources */,
				A66F161D1CE4629700B4E38C /* ballRed@2x.png in Resources */,
				A66F15EC1CE45EDB00B4E38C /* LaunchScreen.storyboard in Resources */,
				A66F16271CE4629700B4E38C /* slotGlowBad.png in Resources */,
				A66F15E91CE45EDB00B4E38C /* Assets.xcassets in Resources */,
				A66F161E1CE4629700B4E38C /* ballYellow.png in Resources */,
				A66F16201CE4629700B4E38C /* bouncer.png in Resources */,
				A66F16161CE4629700B4E38C /* ballGreen.png in Resources */,
				A66F16111CE4629700B4E38C /* background@2x.jpg in Resources */,
				A66F15E71CE45EDB00B4E38C /* Main.storyboard in Resources */,
				A66F16181CE4629700B4E38C /* ballGrey.png in Resources */,
				A66F16171CE4629700B4E38C /* ballGreen@2x.png in Resources */,
				A66F16151CE4629700B4E38C /* ballCyan@2x.png in Resources */,
				A66F162A1CE4629700B4E38C /* slotGlowGood@2x.png in Resources */,
				A66F162B1CE4629700B4E38C /* spark.png in Resources */,
				A66F161A1CE4629700B4E38C /* ballPurple.png in Resources */,
				A66F16131CE4629700B4E38C /* ballBlue@2x.png in Resources */,
			);
			runOnlyForDeploymentPostprocessing = 0;
		};
/* End PBXResourcesBuildPhase section */

/* Begin PBXSourcesBuildPhase section */
		A66F15D61CE45ED900B4E38C /* Sources */ = {
			isa = PBXSourcesBuildPhase;
			buildActionMask = 2147483647;
			files = (
				A66F15E21CE45EDB00B4E38C /* GameScene.swift in Sources */,
				A66F15E41CE45EDB00B4E38C /* GameViewController.swift in Sources */,
				A66F15DE1CE45EDA00B4E38C /* AppDelegate.swift in Sources */,
				A653B9AC1CE56E8200C15465 /* Helper.swift in Sources */,
			);
			runOnlyForDeploymentPostprocessing = 0;
		};
/* End PBXSourcesBuildPhase section */

/* Begin PBXVariantGroup section */
		A66F15E51CE45EDB00B4E38C /* Main.storyboard */ = {
			isa = PBXVariantGroup;
			children = (
				A66F15E61CE45EDB00B4E38C /* Base */,
			);
			name = Main.storyboard;
			sourceTree = "<group>";
		};
		A66F15EA1CE45EDB00B4E38C /* LaunchScreen.storyboard */ = {
			isa = PBXVariantGroup;
			children = (
				A66F15EB1CE45EDB00B4E38C /* Base */,
			);
			name = LaunchScreen.storyboard;
			sourceTree = "<group>";
		};
/* End PBXVariantGroup section */

/* Begin XCBuildConfiguration section */
		A66F15EE1CE45EDB00B4E38C /* Debug */ = {
			isa = XCBuildConfiguration;
			buildSettings = {
				ALWAYS_SEARCH_USER_PATHS = NO;
				CLANG_ANALYZER_NONNULL = YES;
				CLANG_CXX_LANGUAGE_STANDARD = "gnu++0x";
				CLANG_CXX_LIBRARY = "libc++";
				CLANG_ENABLE_MODULES = YES;
				CLANG_ENABLE_OBJC_ARC = YES;
				CLANG_WARN_BOOL_CONVERSION = YES;
				CLANG_WARN_CONSTANT_CONVERSION = YES;
				CLANG_WARN_DIRECT_OBJC_ISA_USAGE = YES_ERROR;
				CLANG_WARN_EMPTY_BODY = YES;
				CLANG_WARN_ENUM_CONVERSION = YES;
				CLANG_WARN_INT_CONVERSION = YES;
				CLANG_WARN_OBJC_ROOT_CLASS = YES_ERROR;
				CLANG_WARN_UNREACHABLE_CODE = YES;
				CLANG_WARN__DUPLICATE_METHOD_MATCH = YES;
				"CODE_SIGN_IDENTITY[sdk=iphoneos*]" = "iPhone Developer";
				COPY_PHASE_STRIP = NO;
				DEBUG_INFORMATION_FORMAT = "dwarf-with-dsym";
				ENABLE_STRICT_OBJC_MSGSEND = YES;
				ENABLE_TESTABILITY = YES;
				GCC_C_LANGUAGE_STANDARD = gnu99;
				GCC_DYNAMIC_NO_PIC = NO;
				GCC_NO_COMMON_BLOCKS = YES;
				GCC_OPTIMIZATION_LEVEL = 0;
				GCC_PREPROCESSOR_DEFINITIONS = (
					"DEBUG=1",
					"$(inherited)",
				);
				GCC_WARN_64_TO_32_BIT_CONVERSION = YES;
				GCC_WARN_ABOUT_RETURN_TYPE = YES_ERROR;
				GCC_WARN_UNDECLARED_SELECTOR = YES;
				GCC_WARN_UNINITIALIZED_AUTOS = YES_AGGRESSIVE;
				GCC_WARN_UNUSED_FUNCTION = YES;
				GCC_WARN_UNUSED_VARIABLE = YES;
				IPHONEOS_DEPLOYMENT_TARGET = 9.3;
				MTL_ENABLE_DEBUG_INFO = YES;
				ONLY_ACTIVE_ARCH = YES;
				SDKROOT = iphoneos;
				SWIFT_OPTIMIZATION_LEVEL = "-Onone";
				TARGETED_DEVICE_FAMILY = 2;
			};
			name = Debug;
		};
		A66F15EF1CE45EDB00B4E38C /* Release */ = {
			isa = XCBuildConfiguration;
			buildSettings = {
				ALWAYS_SEARCH_USER_PATHS = NO;
				CLANG_ANALYZER_NONNULL = YES;
				CLANG_CXX_LANGUAGE_STANDARD = "gnu++0x";
				CLANG_CXX_LIBRARY = "libc++";
				CLANG_ENABLE_MODULES = YES;
				CLANG_ENABLE_OBJC_ARC = YES;
				CLANG_WARN_BOOL_CONVERSION = YES;
				CLANG_WARN_CONSTANT_CONVERSION = YES;
				CLANG_WARN_DIRECT_OBJC_ISA_USAGE = YES_ERROR;
				CLANG_WARN_EMPTY_BODY = YES;
				CLANG_WARN_ENUM_CONVERSION = YES;
				CLANG_WARN_INT_CONVERSION = YES;
				CLANG_WARN_OBJC_ROOT_CLASS = YES_ERROR;
				CLANG_WARN_UNREACHABLE_CODE = YES;
				CLANG_WARN__DUPLICATE_METHOD_MATCH = YES;
				"CODE_SIGN_IDENTITY[sdk=iphoneos*]" = "iPhone Developer";
				COPY_PHASE_STRIP = NO;
				DEBUG_INFORMATION_FORMAT = "dwarf-with-dsym";
				ENABLE_NS_ASSERTIONS = NO;
				ENABLE_STRICT_OBJC_MSGSEND = YES;
				GCC_C_LANGUAGE_STANDARD = gnu99;
				GCC_NO_COMMON_BLOCKS = YES;
				GCC_WARN_64_TO_32_BIT_CONVERSION = YES;
				GCC_WARN_ABOUT_RETURN_TYPE = YES_ERROR;
				GCC_WARN_UNDECLARED_SELECTOR = YES;
				GCC_WARN_UNINITIALIZED_AUTOS = YES_AGGRESSIVE;
				GCC_WARN_UNUSED_FUNCTION = YES;
				GCC_WARN_UNUSED_VARIABLE = YES;
				IPHONEOS_DEPLOYMENT_TARGET = 9.3;
				MTL_ENABLE_DEBUG_INFO = NO;
				SDKROOT = iphoneos;
				TARGETED_DEVICE_FAMILY = 2;
				VALIDATE_PRODUCT = YES;
			};
			name = Release;
		};
		A66F15F11CE45EDB00B4E38C /* Debug */ = {
			isa = XCBuildConfiguration;
			buildSettings = {
				ASSETCATALOG_COMPILER_APPICON_NAME = AppIcon;
				INFOPLIST_FILE = "11-Pachinko with SpriteKit/Info.plist";
				LD_RUNPATH_SEARCH_PATHS = "$(inherited) @executable_path/Frameworks";
				PRODUCT_BUNDLE_IDENTIFIER = "com.shiyuwudi.-1-Pachinko-with-SpriteKit";
				PRODUCT_NAME = "$(TARGET_NAME)";
			};
			name = Debug;
		};
		A66F15F21CE45EDB00B4E38C /* Release */ = {
			isa = XCBuildConfiguration;
			buildSettings = {
				ASSETCATALOG_COMPILER_APPICON_NAME = AppIcon;
				INFOPLIST_FILE = "11-Pachinko with SpriteKit/Info.plist";
				LD_RUNPATH_SEARCH_PATHS = "$(inherited) @executable_path/Frameworks";
				PRODUCT_BUNDLE_IDENTIFIER = "com.shiyuwudi.-1-Pachinko-with-SpriteKit";
				PRODUCT_NAME = "$(TARGET_NAME)";
			};
			name = Release;
		};
/* End XCBuildConfiguration section */

/* Begin XCConfigurationList section */
		A66F15D51CE45ED900B4E38C /* Build configuration list for PBXProject "11-Pachinko with SpriteKit" */ = {
			isa = XCConfigurationList;
			buildConfigurations = (
				A66F15EE1CE45EDB00B4E38C /* Debug */,
				A66F15EF1CE45EDB00B4E38C /* Release */,
			);
			defaultConfigurationIsVisible = 0;
			defaultConfigurationName = Release;
		};
		A66F15F01CE45EDB00B4E38C /* Build configuration list for PBXNativeTarget "11-Pachinko with SpriteKit" */ = {
			isa = XCConfigurationList;
			buildConfigurations = (
				A66F15F11CE45EDB00B4E38C /* Debug */,
				A66F15F21CE45EDB00B4E38C /* Release */,
			);
			defaultConfigurationIsVisible = 0;
			defaultConfigurationName = Release;
		};
/* End XCConfigurationList section */
	};
	rootObject = A66F15D21CE45ED900B4E38C /* Project object */;
}
