// !$*UTF8*$!
{
	archiveVersion = 1;
	classes = {
	};
	objectVersion = 46;
	objects = {

/* Begin PBXBuildFile section */
		A6C7FA731C7FD30A00A2B034 /* AppDelegate.swift in Sources */ = {isa = PBXBuildFile; fileRef = A6C7FA721C7FD30A00A2B034 /* AppDelegate.swift */; };
		A6C7FA751C7FD30A00A2B034 /* ViewController.swift in Sources */ = {isa = PBXBuildFile; fileRef = A6C7FA741C7FD30A00A2B034 /* ViewController.swift */; };
		A6C7FA781C7FD30A00A2B034 /* Main.storyboard in Resources */ = {isa = PBXBuildFile; fileRef = A6C7FA761C7FD30A00A2B034 /* Main.storyboard */; };
		A6C7FA7A1C7FD30A00A2B034 /* Assets.xcassets in Resources */ = {isa = PBXBuildFile; fileRef = A6C7FA791C7FD30A00A2B034 /* Assets.xcassets */; };
		A6C7FA7D1C7FD30A00A2B034 /* LaunchScreen.storyboard in Resources */ = {isa = PBXBuildFile; fileRef = A6C7FA7B1C7FD30A00A2B034 /* LaunchScreen.storyboard */; };
/* End PBXBuildFile section */

/* Begin PBXFileReference section */
		A6C7FA6F1C7FD30A00A2B034 /* Easy Browser with WKWebView.app */ = {isa = PBXFileReference; explicitFileType = wrapper.application; includeInIndex = 0; path = "Easy Browser with WKWebView.app"; sourceTree = BUILT_PRODUCTS_DIR; };
		A6C7FA721C7FD30A00A2B034 /* AppDelegate.swift */ = {isa = PBXFileReference; lastKnownFileType = sourcecode.swift; path = AppDelegate.swift; sourceTree = "<group>"; };
		A6C7FA741C7FD30A00A2B034 /* ViewController.swift */ = {isa = PBXFileReference; lastKnownFileType = sourcecode.swift; path = ViewController.swift; sourceTree = "<group>"; };
		A6C7FA771C7FD30A00A2B034 /* Base */ = {isa = PBXFileReference; lastKnownFileType = file.storyboard; name = Base; path = Base.lproj/Main.storyboard; sourceTree = "<group>"; };
		A6C7FA791C7FD30A00A2B034 /* Assets.xcassets */ = {isa = PBXFileReference; lastKnownFileType = folder.assetcatalog; path = Assets.xcassets; sourceTree = "<group>"; };
		A6C7FA7C1C7FD30A00A2B034 /* Base */ = {isa = PBXFileReference; lastKnownFileType = file.storyboard; name = Base; path = Base.lproj/LaunchScreen.storyboard; sourceTree = "<group>"; };
		A6C7FA7E1C7FD30A00A2B034 /* Info.plist */ = {isa = PBXFileReference; lastKnownFileType = text.plist.xml; path = Info.plist; sourceTree = "<group>"; };
/* End PBXFileReference section */

/* Begin PBXFrameworksBuildPhase section */
		A6C7FA6C1C7FD30A00A2B034 /* Frameworks */ = {
			isa = PBXFrameworksBuildPhase;
			buildActionMask = 2147483647;
			files = (
			);
			runOnlyForDeploymentPostprocessing = 0;
		};
/* End PBXFrameworksBuildPhase section */

/* Begin PBXGroup section */
		A6C7FA661C7FD30A00A2B034 = {
			isa = PBXGroup;
			children = (
				A6C7FA711C7FD30A00A2B034 /* Easy Browser with WKWebView */,
				A6C7FA701C7FD30A00A2B034 /* Products */,
			);
			sourceTree = "<group>";
		};
		A6C7FA701C7FD30A00A2B034 /* Products */ = {
			isa = PBXGroup;
			children = (
				A6C7FA6F1C7FD30A00A2B034 /* Easy Browser with WKWebView.app */,
			);
			name = Products;
			sourceTree = "<group>";
		};
		A6C7FA711C7FD30A00A2B034 /* Easy Browser with WKWebView */ = {
			isa = PBXGroup;
			children = (
				A6C7FA721C7FD30A00A2B034 /* AppDelegate.swift */,
				A6C7FA741C7FD30A00A2B034 /* ViewController.swift */,
				A6C7FA761C7FD30A00A2B034 /* Main.storyboard */,
				A6C7FA791C7FD30A00A2B034 /* Assets.xcassets */,
				A6C7FA7B1C7FD30A00A2B034 /* LaunchScreen.storyboard */,
				A6C7FA7E1C7FD30A00A2B034 /* Info.plist */,
			);
			path = "Easy Browser with WKWebView";
			sourceTree = "<group>";
		};
/* End PBXGroup section */

/* Begin PBXNativeTarget section */
		A6C7FA6E1C7FD30A00A2B034 /* Easy Browser with WKWebView */ = {
			isa = PBXNativeTarget;
			buildConfigurationList = A6C7FA811C7FD30A00A2B034 /* Build configuration list for PBXNativeTarget "Easy Browser with WKWebView" */;
			buildPhases = (
				A6C7FA6B1C7FD30A00A2B034 /* Sources */,
				A6C7FA6C1C7FD30A00A2B034 /* Frameworks */,
				A6C7FA6D1C7FD30A00A2B034 /* Resources */,
			);
			buildRules = (
			);
			dependencies = (
			);
			name = "Easy Browser with WKWebView";
			productName = "Easy Browser with WKWebView";
			productReference = A6C7FA6F1C7FD30A00A2B034 /* Easy Browser with WKWebView.app */;
			productType = "com.apple.product-type.application";
		};
/* End PBXNativeTarget section */

/* Begin PBXProject section */
		A6C7FA671C7FD30A00A2B034 /* Project object */ = {
			isa = PBXProject;
			attributes = {
				LastSwiftUpdateCheck = 0720;
				LastUpgradeCheck = 0720;
				ORGANIZATIONNAME = shiyuwudi;
				TargetAttributes = {
					A6C7FA6E1C7FD30A00A2B034 = {
						CreatedOnToolsVersion = 7.2;
						DevelopmentTeam = D6YW9AKQXT;
					};
				};
			};
			buildConfigurationList = A6C7FA6A1C7FD30A00A2B034 /* Build configuration list for PBXProject "Easy Browser with WKWebView" */;
			compatibilityVersion = "Xcode 3.2";
			developmentRegion = English;
			hasScannedForEncodings = 0;
			knownRegions = (
				en,
				Base,
			);
			mainGroup = A6C7FA661C7FD30A00A2B034;
			productRefGroup = A6C7FA701C7FD30A00A2B034 /* Products */;
			projectDirPath = "";
			projectRoot = "";
			targets = (
				A6C7FA6E1C7FD30A00A2B034 /* Easy Browser with WKWebView */,
			);
		};
/* End PBXProject section */

/* Begin PBXResourcesBuildPhase section */
		A6C7FA6D1C7FD30A00A2B034 /* Resources */ = {
			isa = PBXResourcesBuildPhase;
			buildActionMask = 2147483647;
			files = (
				A6C7FA7D1C7FD30A00A2B034 /* LaunchScreen.storyboard in Resources */,
				A6C7FA7A1C7FD30A00A2B034 /* Assets.xcassets in Resources */,
				A6C7FA781C7FD30A00A2B034 /* Main.storyboard in Resources */,
			);
			runOnlyForDeploymentPostprocessing = 0;
		};
/* End PBXResourcesBuildPhase section */

/* Begin PBXSourcesBuildPhase section */
		A6C7FA6B1C7FD30A00A2B034 /* Sources */ = {
			isa = PBXSourcesBuildPhase;
			buildActionMask = 2147483647;
			files = (
				A6C7FA751C7FD30A00A2B034 /* ViewController.swift in Sources */,
				A6C7FA731C7FD30A00A2B034 /* AppDelegate.swift in Sources */,
			);
			runOnlyForDeploymentPostprocessing = 0;
		};
/* End PBXSourcesBuildPhase section */

/* Begin PBXVariantGroup section */
		A6C7FA761C7FD30A00A2B034 /* Main.storyboard */ = {
			isa = PBXVariantGroup;
			children = (
				A6C7FA771C7FD30A00A2B034 /* Base */,
			);
			name = Main.storyboard;
			sourceTree = "<group>";
		};
		A6C7FA7B1C7FD30A00A2B034 /* LaunchScreen.storyboard */ = {
			isa = PBXVariantGroup;
			children = (
				A6C7FA7C1C7FD30A00A2B034 /* Base */,
			);
			name = LaunchScreen.storyboard;
			sourceTree = "<group>";
		};
/* End PBXVariantGroup section */

/* Begin XCBuildConfiguration section */
		A6C7FA7F1C7FD30A00A2B034 /* Debug */ = {
			isa = XCBuildConfiguration;
			buildSettings = {
				ALWAYS_SEARCH_USER_PATHS = NO;
				CLANG_CXX_LANGUAGE_STANDARD = "gnu++0x";
				CLANG_CXX_LIBRARY = "libc++";
				CLANG_ENABLE_MODULES = YES;
				CLANG_ENABLE_OBJC_ARC = YES;
				CLANG_WARN_BOOL_CONVERSION = YES;
				CLANG_WARN_CONSTANT_CONVERSION = YES;
				CLANG_WARN_DIRECT_OBJC_ISA_USAGE = YES_ERROR;
				CLANG_WARN_EMPTY_BODY = YES;
				CLANG_WARN_ENUM_CONVERSION = YES;
				CLANG_WARN_INT_CONVERSION = YES;
				CLANG_WARN_OBJC_ROOT_CLASS = YES_ERROR;
				CLANG_WARN_UNREACHABLE_CODE = YES;
				CLANG_WARN__DUPLICATE_METHOD_MATCH = YES;
				"CODE_SIGN_IDENTITY[sdk=iphoneos*]" = "iPhone Developer";
				COPY_PHASE_STRIP = NO;
				DEBUG_INFORMATION_FORMAT = dwarf;
				ENABLE_STRICT_OBJC_MSGSEND = YES;
				ENABLE_TESTABILITY = YES;
				GCC_C_LANGUAGE_STANDARD = gnu99;
				GCC_DYNAMIC_NO_PIC = NO;
				GCC_NO_COMMON_BLOCKS = YES;
				GCC_OPTIMIZATION_LEVEL = 0;
				GCC_PREPROCESSOR_DEFINITIONS = (
					"DEBUG=1",
					"$(inherited)",
				);
				GCC_WARN_64_TO_32_BIT_CONVERSION = YES;
				GCC_WARN_ABOUT_RETURN_TYPE = YES_ERROR;
				GCC_WARN_UNDECLARED_SELECTOR = YES;
				GCC_WARN_UNINITIALIZED_AUTOS = YES_AGGRESSIVE;
				GCC_WARN_UNUSED_FUNCTION = YES;
				GCC_WARN_UNUSED_VARIABLE = YES;
				IPHONEOS_DEPLOYMENT_TARGET = 9.2;
				MTL_ENABLE_DEBUG_INFO = YES;
				ONLY_ACTIVE_ARCH = YES;
				SDKROOT = iphoneos;
				SWIFT_OPTIMIZATION_LEVEL = "-Onone";
			};
			name = Debug;
		};
		A6C7FA801C7FD30A00A2B034 /* Release */ = {
			isa = XCBuildConfiguration;
			buildSettings = {
				ALWAYS_SEARCH_USER_PATHS = NO;
				CLANG_CXX_LANGUAGE_STANDARD = "gnu++0x";
				CLANG_CXX_LIBRARY = "libc++";
				CLANG_ENABLE_MODULES = YES;
				CLANG_ENABLE_OBJC_ARC = YES;
				CLANG_WARN_BOOL_CONVERSION = YES;
				CLANG_WARN_CONSTANT_CONVERSION = YES;
				CLANG_WARN_DIRECT_OBJC_ISA_USAGE = YES_ERROR;
				CLANG_WARN_EMPTY_BODY = YES;
				CLANG_WARN_ENUM_CONVERSION = YES;
				CLANG_WARN_INT_CONVERSION = YES;
				CLANG_WARN_OBJC_ROOT_CLASS = YES_ERROR;
				CLANG_WARN_UNREACHABLE_CODE = YES;
				CLANG_WARN__DUPLICATE_METHOD_MATCH = YES;
				"CODE_SIGN_IDENTITY[sdk=iphoneos*]" = "iPhone Developer";
				COPY_PHASE_STRIP = NO;
				DEBUG_INFORMATION_FORMAT = "dwarf-with-dsym";
				ENABLE_NS_ASSERTIONS = NO;
				ENABLE_STRICT_OBJC_MSGSEND = YES;
				GCC_C_LANGUAGE_STANDARD = gnu99;
				GCC_NO_COMMON_BLOCKS = YES;
				GCC_WARN_64_TO_32_BIT_CONVERSION = YES;
				GCC_WARN_ABOUT_RETURN_TYPE = YES_ERROR;
				GCC_WARN_UNDECLARED_SELECTOR = YES;
				GCC_WARN_UNINITIALIZED_AUTOS = YES_AGGRESSIVE;
				GCC_WARN_UNUSED_FUNCTION = YES;
				GCC_WARN_UNUSED_VARIABLE = YES;
				IPHONEOS_DEPLOYMENT_TARGET = 9.2;
				MTL_ENABLE_DEBUG_INFO = NO;
				SDKROOT = iphoneos;
				VALIDATE_PRODUCT = YES;
			};
			name = Release;
		};
		A6C7FA821C7FD30A00A2B034 /* Debug */ = {
			isa = XCBuildConfiguration;
			buildSettings = {
				ASSETCATALOG_COMPILER_APPICON_NAME = AppIcon;
				CODE_SIGN_IDENTITY = "iPhone Developer";
				INFOPLIST_FILE = "Easy Browser with WKWebView/Info.plist";
				LD_RUNPATH_SEARCH_PATHS = "$(inherited) @executable_path/Frameworks";
				PRODUCT_BUNDLE_IDENTIFIER = com.1353379533.123;
				PRODUCT_NAME = "$(TARGET_NAME)";
			};
			name = Debug;
		};
		A6C7FA831C7FD30A00A2B034 /* Release */ = {
			isa = XCBuildConfiguration;
			buildSettings = {
				ASSETCATALOG_COMPILER_APPICON_NAME = AppIcon;
				CODE_SIGN_IDENTITY = "iPhone Developer";
				INFOPLIST_FILE = "Easy Browser with WKWebView/Info.plist";
				LD_RUNPATH_SEARCH_PATHS = "$(inherited) @executable_path/Frameworks";
				PRODUCT_BUNDLE_IDENTIFIER = com.1353379533.123;
				PRODUCT_NAME = "$(TARGET_NAME)";
			};
			name = Release;
		};
/* End XCBuildConfiguration section */

/* Begin XCConfigurationList section */
		A6C7FA6A1C7FD30A00A2B034 /* Build configuration list for PBXProject "Easy Browser with WKWebView" */ = {
			isa = XCConfigurationList;
			buildConfigurations = (
				A6C7FA7F1C7FD30A00A2B034 /* Debug */,
				A6C7FA801C7FD30A00A2B034 /* Release */,
			);
			defaultConfigurationIsVisible = 0;
			defaultConfigurationName = Release;
		};
		A6C7FA811C7FD30A00A2B034 /* Build configuration list for PBXNativeTarget "Easy Browser with WKWebView" */ = {
			isa = XCConfigurationList;
			buildConfigurations = (
				A6C7FA821C7FD30A00A2B034 /* Debug */,
				A6C7FA831C7FD30A00A2B034 /* Release */,
			);
			defaultConfigurationIsVisible = 0;
		};
/* End XCConfigurationList section */
	};
	rootObject = A6C7FA671C7FD30A00A2B034 /* Project object */;
}
