// !$*UTF8*$!
{
	archiveVersion = 1;
	classes = {
	};
	objectVersion = 46;
	objects = {

/* Begin PBXBuildFile section */
		A653B9BA1CE5A45A00C15465 /* AppDelegate.swift in Sources */ = {isa = PBXBuildFile; fileRef = A653B9B91CE5A45A00C15465 /* AppDelegate.swift */; };
		A653B9BC1CE5A45A00C15465 /* ViewController.swift in Sources */ = {isa = PBXBuildFile; fileRef = A653B9BB1CE5A45A00C15465 /* ViewController.swift */; };
		A653B9BF1CE5A45A00C15465 /* Main.storyboard in Resources */ = {isa = PBXBuildFile; fileRef = A653B9BD1CE5A45A00C15465 /* Main.storyboard */; };
		A653B9C11CE5A45A00C15465 /* Assets.xcassets in Resources */ = {isa = PBXBuildFile; fileRef = A653B9C01CE5A45A00C15465 /* Assets.xcassets */; };
		A653B9C41CE5A45A00C15465 /* LaunchScreen.storyboard in Resources */ = {isa = PBXBuildFile; fileRef = A653B9C21CE5A45A00C15465 /* LaunchScreen.storyboard */; };
/* End PBXBuildFile section */

/* Begin PBXFileReference section */
		A653B9B61CE5A45900C15465 /* 13-Instafilter: Core Image and UISlider.app */ = {isa = PBXFileReference; explicitFileType = wrapper.application; includeInIndex = 0; path = "13-Instafilter: Core Image and UISlider.app"; sourceTree = BUILT_PRODUCTS_DIR; };
		A653B9B91CE5A45A00C15465 /* AppDelegate.swift */ = {isa = PBXFileReference; lastKnownFileType = sourcecode.swift; path = AppDelegate.swift; sourceTree = "<group>"; };
		A653B9BB1CE5A45A00C15465 /* ViewController.swift */ = {isa = PBXFileReference; lastKnownFileType = sourcecode.swift; path = ViewController.swift; sourceTree = "<group>"; };
		A653B9BE1CE5A45A00C15465 /* Base */ = {isa = PBXFileReference; lastKnownFileType = file.storyboard; name = Base; path = Base.lproj/Main.storyboard; sourceTree = "<group>"; };
		A653B9C01CE5A45A00C15465 /* Assets.xcassets */ = {isa = PBXFileReference; lastKnownFileType = folder.assetcatalog; path = Assets.xcassets; sourceTree = "<group>"; };
		A653B9C31CE5A45A00C15465 /* Base */ = {isa = PBXFileReference; lastKnownFileType = file.storyboard; name = Base; path = Base.lproj/LaunchScreen.storyboard; sourceTree = "<group>"; };
		A653B9C51CE5A45A00C15465 /* Info.plist */ = {isa = PBXFileReference; lastKnownFileType = text.plist.xml; path = Info.plist; sourceTree = "<group>"; };
/* End PBXFileReference section */

/* Begin PBXFrameworksBuildPhase section */
		A653B9B31CE5A45900C15465 /* Frameworks */ = {
			isa = PBXFrameworksBuildPhase;
			buildActionMask = 2147483647;
			files = (
			);
			runOnlyForDeploymentPostprocessing = 0;
		};
/* End PBXFrameworksBuildPhase section */

/* Begin PBXGroup section */
		A653B9AD1CE5A45900C15465 = {
			isa = PBXGroup;
			children = (
				A653B9B81CE5A45A00C15465 /* 13-Instafilter: Core Image and UISlider */,
				A653B9B71CE5A45900C15465 /* Products */,
			);
			sourceTree = "<group>";
		};
		A653B9B71CE5A45900C15465 /* Products */ = {
			isa = PBXGroup;
			children = (
				A653B9B61CE5A45900C15465 /* 13-Instafilter: Core Image and UISlider.app */,
			);
			name = Products;
			sourceTree = "<group>";
		};
		A653B9B81CE5A45A00C15465 /* 13-Instafilter: Core Image and UISlider */ = {
			isa = PBXGroup;
			children = (
				A653B9B91CE5A45A00C15465 /* AppDelegate.swift */,
				A653B9BB1CE5A45A00C15465 /* ViewController.swift */,
				A653B9BD1CE5A45A00C15465 /* Main.storyboard */,
				A653B9C01CE5A45A00C15465 /* Assets.xcassets */,
				A653B9C21CE5A45A00C15465 /* LaunchScreen.storyboard */,
				A653B9C51CE5A45A00C15465 /* Info.plist */,
			);
			path = "13-Instafilter: Core Image and UISlider";
			sourceTree = "<group>";
		};
/* End PBXGroup section */

/* Begin PBXNativeTarget section */
		A653B9B51CE5A45900C15465 /* 13-Instafilter: Core Image and UISlider */ = {
			isa = PBXNativeTarget;
			buildConfigurationList = A653B9C81CE5A45A00C15465 /* Build configuration list for PBXNativeTarget "13-Instafilter: Core Image and UISlider" */;
			buildPhases = (
				A653B9B21CE5A45900C15465 /* Sources */,
				A653B9B31CE5A45900C15465 /* Frameworks */,
				A653B9B41CE5A45900C15465 /* Resources */,
			);
			buildRules = (
			);
			dependencies = (
			);
			name = "13-Instafilter: Core Image and UISlider";
			productName = "13-Instafilter: Core Image and UISlider";
			productReference = A653B9B61CE5A45900C15465 /* 13-Instafilter: Core Image and UISlider.app */;
			productType = "com.apple.product-type.application";
		};
/* End PBXNativeTarget section */

/* Begin PBXProject section */
		A653B9AE1CE5A45900C15465 /* Project object */ = {
			isa = PBXProject;
			attributes = {
				LastSwiftUpdateCheck = 0730;
				LastUpgradeCheck = 0730;
				ORGANIZATIONNAME = shiyuwudi;
				TargetAttributes = {
					A653B9B51CE5A45900C15465 = {
						CreatedOnToolsVersion = 7.3.1;
					};
				};
			};
			buildConfigurationList = A653B9B11CE5A45900C15465 /* Build configuration list for PBXProject "13-Instafilter: Core Image and UISlider" */;
			compatibilityVersion = "Xcode 3.2";
			developmentRegion = English;
			hasScannedForEncodings = 0;
			knownRegions = (
				en,
				Base,
			);
			mainGroup = A653B9AD1CE5A45900C15465;
			productRefGroup = A653B9B71CE5A45900C15465 /* Products */;
			projectDirPath = "";
			projectRoot = "";
			targets = (
				A653B9B51CE5A45900C15465 /* 13-Instafilter: Core Image and UISlider */,
			);
		};
/* End PBXProject section */

/* Begin PBXResourcesBuildPhase section */
		A653B9B41CE5A45900C15465 /* Resources */ = {
			isa = PBXResourcesBuildPhase;
			buildActionMask = 2147483647;
			files = (
				A653B9C41CE5A45A00C15465 /* LaunchScreen.storyboard in Resources */,
				A653B9C11CE5A45A00C15465 /* Assets.xcassets in Resources */,
				A653B9BF1CE5A45A00C15465 /* Main.storyboard in Resources */,
			);
			runOnlyForDeploymentPostprocessing = 0;
		};
/* End PBXResourcesBuildPhase section */

/* Begin PBXSourcesBuildPhase section */
		A653B9B21CE5A45900C15465 /* Sources */ = {
			isa = PBXSourcesBuildPhase;
			buildActionMask = 2147483647;
			files = (
				A653B9BC1CE5A45A00C15465 /* ViewController.swift in Sources */,
				A653B9BA1CE5A45A00C15465 /* AppDelegate.swift in Sources */,
			);
			runOnlyForDeploymentPostprocessing = 0;
		};
/* End PBXSourcesBuildPhase section */

/* Begin PBXVariantGroup section */
		A653B9BD1CE5A45A00C15465 /* Main.storyboard */ = {
			isa = PBXVariantGroup;
			children = (
				A653B9BE1CE5A45A00C15465 /* Base */,
			);
			name = Main.storyboard;
			sourceTree = "<group>";
		};
		A653B9C21CE5A45A00C15465 /* LaunchScreen.storyboard */ = {
			isa = PBXVariantGroup;
			children = (
				A653B9C31CE5A45A00C15465 /* Base */,
			);
			name = LaunchScreen.storyboard;
			sourceTree = "<group>";
		};
/* End PBXVariantGroup section */

/* Begin XCBuildConfiguration section */
		A653B9C61CE5A45A00C15465 /* Debug */ = {
			isa = XCBuildConfiguration;
			buildSettings = {
				ALWAYS_SEARCH_USER_PATHS = NO;
				CLANG_ANALYZER_NONNULL = YES;
				CLANG_CXX_LANGUAGE_STANDARD = "gnu++0x";
				CLANG_CXX_LIBRARY = "libc++";
				CLANG_ENABLE_MODULES = YES;
				CLANG_ENABLE_OBJC_ARC = YES;
				CLANG_WARN_BOOL_CONVERSION = YES;
				CLANG_WARN_CONSTANT_CONVERSION = YES;
				CLANG_WARN_DIRECT_OBJC_ISA_USAGE = YES_ERROR;
				CLANG_WARN_EMPTY_BODY = YES;
				CLANG_WARN_ENUM_CONVERSION = YES;
				CLANG_WARN_INT_CONVERSION = YES;
				CLANG_WARN_OBJC_ROOT_CLASS = YES_ERROR;
				CLANG_WARN_UNREACHABLE_CODE = YES;
				CLANG_WARN__DUPLICATE_METHOD_MATCH = YES;
				"CODE_SIGN_IDENTITY[sdk=iphoneos*]" = "iPhone Developer";
				COPY_PHASE_STRIP = NO;
				DEBUG_INFORMATION_FORMAT = dwarf;
				ENABLE_STRICT_OBJC_MSGSEND = YES;
				ENABLE_TESTABILITY = YES;
				GCC_C_LANGUAGE_STANDARD = gnu99;
				GCC_DYNAMIC_NO_PIC = NO;
				GCC_NO_COMMON_BLOCKS = YES;
				GCC_OPTIMIZATION_LEVEL = 0;
				GCC_PREPROCESSOR_DEFINITIONS = (
					"DEBUG=1",
					"$(inherited)",
				);
				GCC_WARN_64_TO_32_BIT_CONVERSION = YES;
				GCC_WARN_ABOUT_RETURN_TYPE = YES_ERROR;
				GCC_WARN_UNDECLARED_SELECTOR = YES;
				GCC_WARN_UNINITIALIZED_AUTOS = YES_AGGRESSIVE;
				GCC_WARN_UNUSED_FUNCTION = YES;
				GCC_WARN_UNUSED_VARIABLE = YES;
				IPHONEOS_DEPLOYMENT_TARGET = 9.3;
				MTL_ENABLE_DEBUG_INFO = YES;
				ONLY_ACTIVE_ARCH = YES;
				SDKROOT = iphoneos;
				SWIFT_OPTIMIZATION_LEVEL = "-Onone";
			};
			name = Debug;
		};
		A653B9C71CE5A45A00C15465 /* Release */ = {
			isa = XCBuildConfiguration;
			buildSettings = {
				ALWAYS_SEARCH_USER_PATHS = NO;
				CLANG_ANALYZER_NONNULL = YES;
				CLANG_CXX_LANGUAGE_STANDARD = "gnu++0x";
				CLANG_CXX_LIBRARY = "libc++";
				CLANG_ENABLE_MODULES = YES;
				CLANG_ENABLE_OBJC_ARC = YES;
				CLANG_WARN_BOOL_CONVERSION = YES;
				CLANG_WARN_CONSTANT_CONVERSION = YES;
				CLANG_WARN_DIRECT_OBJC_ISA_USAGE = YES_ERROR;
				CLANG_WARN_EMPTY_BODY = YES;
				CLANG_WARN_ENUM_CONVERSION = YES;
				CLANG_WARN_INT_CONVERSION = YES;
				CLANG_WARN_OBJC_ROOT_CLASS = YES_ERROR;
				CLANG_WARN_UNREACHABLE_CODE = YES;
				CLANG_WARN__DUPLICATE_METHOD_MATCH = YES;
				"CODE_SIGN_IDENTITY[sdk=iphoneos*]" = "iPhone Developer";
				COPY_PHASE_STRIP = NO;
				DEBUG_INFORMATION_FORMAT = "dwarf-with-dsym";
				ENABLE_NS_ASSERTIONS = NO;
				ENABLE_STRICT_OBJC_MSGSEND = YES;
				GCC_C_LANGUAGE_STANDARD = gnu99;
				GCC_NO_COMMON_BLOCKS = YES;
				GCC_WARN_64_TO_32_BIT_CONVERSION = YES;
				GCC_WARN_ABOUT_RETURN_TYPE = YES_ERROR;
				GCC_WARN_UNDECLARED_SELECTOR = YES;
				GCC_WARN_UNINITIALIZED_AUTOS = YES_AGGRESSIVE;
				GCC_WARN_UNUSED_FUNCTION = YES;
				GCC_WARN_UNUSED_VARIABLE = YES;
				IPHONEOS_DEPLOYMENT_TARGET = 9.3;
				MTL_ENABLE_DEBUG_INFO = NO;
				SDKROOT = iphoneos;
				VALIDATE_PRODUCT = YES;
			};
			name = Release;
		};
		A653B9C91CE5A45A00C15465 /* Debug */ = {
			isa = XCBuildConfiguration;
			buildSettings = {
				ASSETCATALOG_COMPILER_APPICON_NAME = AppIcon;
				INFOPLIST_FILE = "13-Instafilter: Core Image and UISlider/Info.plist";
				LD_RUNPATH_SEARCH_PATHS = "$(inherited) @executable_path/Frameworks";
				PRODUCT_BUNDLE_IDENTIFIER = "com.shiyuwudi.-3-Instafilter--Core-Image-and-UISlider";
				PRODUCT_NAME = "$(TARGET_NAME)";
			};
			name = Debug;
		};
		A653B9CA1CE5A45A00C15465 /* Release */ = {
			isa = XCBuildConfiguration;
			buildSettings = {
				ASSETCATALOG_COMPILER_APPICON_NAME = AppIcon;
				INFOPLIST_FILE = "13-Instafilter: Core Image and UISlider/Info.plist";
				LD_RUNPATH_SEARCH_PATHS = "$(inherited) @executable_path/Frameworks";
				PRODUCT_BUNDLE_IDENTIFIER = "com.shiyuwudi.-3-Instafilter--Core-Image-and-UISlider";
				PRODUCT_NAME = "$(TARGET_NAME)";
			};
			name = Release;
		};
/* End XCBuildConfiguration section */

/* Begin XCConfigurationList section */
		A653B9B11CE5A45900C15465 /* Build configuration list for PBXProject "13-Instafilter: Core Image and UISlider" */ = {
			isa = XCConfigurationList;
			buildConfigurations = (
				A653B9C61CE5A45A00C15465 /* Debug */,
				A653B9C71CE5A45A00C15465 /* Release */,
			);
			defaultConfigurationIsVisible = 0;
			defaultConfigurationName = Release;
		};
		A653B9C81CE5A45A00C15465 /* Build configuration list for PBXNativeTarget "13-Instafilter: Core Image and UISlider" */ = {
			isa = XCConfigurationList;
			buildConfigurations = (
				A653B9C91CE5A45A00C15465 /* Debug */,
				A653B9CA1CE5A45A00C15465 /* Release */,
			);
			defaultConfigurationIsVisible = 0;
		};
/* End XCConfigurationList section */
	};
	rootObject = A653B9AE1CE5A45900C15465 /* Project object */;
}
